
Microsoft Visual Studio Solution File, Format Version 12.00
# Visual Studio Version 16
VisualStudioVersion = 16.0.29613.14
MinimumVisualStudioVersion = 10.0.40219.1
Project("{FAE04EC0-301F-11D3-BF4B-00C04F79EFBC}") = "Heibroch.Common", "Heibroch.Common\Heibroch.Common.csproj", "{554107D9-663D-4388-99ED-7476139E52B7}"
EndProject
Project("{FAE04EC0-301F-11D3-BF4B-00C04F79EFBC}") = "Heibroch.Test", "Heibroch.Test\Heibroch.Test.csproj", "{D35A3F3D-431A-44F6-BF96-E6C9871C913D}"
EndProject
Project("{FAE04EC0-301F-11D3-BF4B-00C04F79EFBC}") = "Heibroch.Common.Wpf", "Heibroch.Common.Wpf\Heibroch.Common.Wpf.csproj", "{3154F1F1-32D0-4182-8298-B34E62CE226F}"
EndProject
Project("{FAE04EC0-301F-11D3-BF4B-00C04F79EFBC}") = "Heibroch.Math", "Heibroch.Math\Heibroch.Math.csproj", "{46DA6E94-A4F8-44B7-A535-5165DD6DC8EE}"
EndProject
Project("{FAE04EC0-301F-11D3-BF4B-00C04F79EFBC}") = "Heibroch.Infrastructure.Messaging", "Heibroch.Infrastructure.Messaging\Heibroch.Infrastructure.Messaging.csproj", "{4222D95F-5AD6-4FE3-AC30-EBC24802C054}"
EndProject
Global
	GlobalSection(SolutionConfigurationPlatforms) = preSolution
		Debug|Any CPU = Debug|Any CPU
		Release|Any CPU = Release|Any CPU
	EndGlobalSection
	GlobalSection(ProjectConfigurationPlatforms) = postSolution
		{554107D9-663D-4388-99ED-7476139E52B7}.Debug|Any CPU.ActiveCfg = Debug|Any CPU
		{554107D9-663D-4388-99ED-7476139E52B7}.Debug|Any CPU.Build.0 = Debug|Any CPU
		{554107D9-663D-4388-99ED-7476139E52B7}.Release|Any CPU.ActiveCfg = Release|Any CPU
		{554107D9-663D-4388-99ED-7476139E52B7}.Release|Any CPU.Build.0 = Release|Any CPU
		{D35A3F3D-431A-44F6-BF96-E6C9871C913D}.Debug|Any CPU.ActiveCfg = Debug|Any CPU
		{D35A3F3D-431A-44F6-BF96-E6C9871C913D}.Debug|Any CPU.Build.0 = Debug|Any CPU
		{D35A3F3D-431A-44F6-BF96-E6C9871C913D}.Release|Any CPU.ActiveCfg = Release|Any CPU
		{D35A3F3D-431A-44F6-BF96-E6C9871C913D}.Release|Any CPU.Build.0 = Release|Any CPU
		{3154F1F1-32D0-4182-8298-B34E62CE226F}.Debug|Any CPU.ActiveCfg = Debug|Any CPU
		{3154F1F1-32D0-4182-8298-B34E62CE226F}.Debug|Any CPU.Build.0 = Debug|Any CPU
		{3154F1F1-32D0-4182-8298-B34E62CE226F}.Release|Any CPU.ActiveCfg = Release|Any CPU
		{3154F1F1-32D0-4182-8298-B34E62CE226F}.Release|Any CPU.Build.0 = Release|Any CPU
		{46DA6E94-A4F8-44B7-A535-5165DD6DC8EE}.Debug|Any CPU.ActiveCfg = Debug|Any CPU
		{46DA6E94-A4F8-44B7-A535-5165DD6DC8EE}.Debug|Any CPU.Build.0 = Debug|Any CPU
		{46DA6E94-A4F8-44B7-A535-5165DD6DC8EE}.Release|Any CPU.ActiveCfg = Release|Any CPU
		{46DA6E94-A4F8-44B7-A535-5165DD6DC8EE}.Release|Any CPU.Build.0 = Release|Any CPU
		{4222D95F-5AD6-4FE3-AC30-EBC24802C054}.Debug|Any CPU.ActiveCfg = Debug|Any CPU
		{4222D95F-5AD6-4FE3-AC30-EBC24802C054}.Debug|Any CPU.Build.0 = Debug|Any CPU
		{4222D95F-5AD6-4FE3-AC30-EBC24802C054}.Release|Any CPU.ActiveCfg = Release|Any CPU
		{4222D95F-5AD6-4FE3-AC30-EBC24802C054}.Release|Any CPU.Build.0 = Release|Any CPU
	EndGlobalSection
	GlobalSection(SolutionProperties) = preSolution
		HideSolutionNode = FALSE
	EndGlobalSection
	GlobalSection(ExtensibilityGlobals) = postSolution
		SolutionGuid = {0D7C8BEA-A5EF-4C04-A523-7F174B718B0F}
	EndGlobalSection
EndGlobal
